lockfileVersion: '6.0'

settings:
  autoInstallPeers: true
  excludeLinksFromLockfile: false

dependencies:
  jsrsasign:
    specifier: ^10.9.0
    version: 10.9.0

packages:

  /jsrsasign@10.9.0:
    resolution: {integrity: sha512-QWLUikj1SBJGuyGK8tjKSx3K7Y69KYJnrs/pQ1KZ6wvZIkHkWjZ1PJDpuvc1/28c1uP0KW9qn1eI1LzHQqDOwQ==}
    dev: false
